// !$*UTF8*$!
{
	archiveVersion = 1;
	classes = {
	};
	objectVersion = 48;
	objects = {

/* Begin PBXBuildFile section */
		09F7092D7ACA9C8BD733C63A /* Pods_Chat_App.framework in Frameworks */ = {isa = PBXBuildFile; fileRef = B36B4825A1A039F545264266 /* Pods_Chat_App.framework */; };
		FE17653620EBC63200D7C7AC /* ThemeService.swift in Sources */ = {isa = PBXBuildFile; fileRef = FE17653520EBC63200D7C7AC /* ThemeService.swift */; };
		FE17653920EBCCD000D7C7AC /* ContactsViewController.swift in Sources */ = {isa = PBXBuildFile; fileRef = FE17653820EBCCD000D7C7AC /* ContactsViewController.swift */; };
		FE17653C20EBD6FF00D7C7AC /* ContactCollectionViewCell.swift in Sources */ = {isa = PBXBuildFile; fileRef = FE17653B20EBD6FF00D7C7AC /* ContactCollectionViewCell.swift */; };
		FE1BB06020ED69F000C12239 /* ImageDownloadService.swift in Sources */ = {isa = PBXBuildFile; fileRef = FE1BB05F20ED69F000C12239 /* ImageDownloadService.swift */; };
		FE1BB06220ED6A2C00C12239 /* ImagePickerService.swift in Sources */ = {isa = PBXBuildFile; fileRef = FE1BB06120ED6A2C00C12239 /* ImagePickerService.swift */; };
		FE1BB06620ED6ADB00C12239 /* Networkable.swift in Sources */ = {isa = PBXBuildFile; fileRef = FE1BB06520ED6ADB00C12239 /* Networkable.swift */; };
		FE1BB06820ED6B1C00C12239 /* NetworkableExtension.swift in Sources */ = {isa = PBXBuildFile; fileRef = FE1BB06720ED6B1C00C12239 /* NetworkableExtension.swift */; };
		FE44303C20EE65B1008CCB83 /* ConversationManager.swift in Sources */ = {isa = PBXBuildFile; fileRef = FE44303B20EE65B1008CCB83 /* ConversationManager.swift */; };
		FE8A1D8F20F3E1D000BDD6D5 /* ChatViewController.swift in Sources */ = {isa = PBXBuildFile; fileRef = FE8A1D8E20F3E1D000BDD6D5 /* ChatViewController.swift */; };
		FE9C2C2420D54BC100083D7E /* RegisterViewController.swift in Sources */ = {isa = PBXBuildFile; fileRef = FE9C2C2320D54BC100083D7E /* RegisterViewController.swift */; };
		FEAD274D20EF7C01004F65F7 /* CompletionTypeAlias.swift in Sources */ = {isa = PBXBuildFile; fileRef = FEAD274C20EF7C01004F65F7 /* CompletionTypeAlias.swift */; };
		FEAEF12B20D7D8C8000EDD41 /* GoogleService-Info.plist in Resources */ = {isa = PBXBuildFile; fileRef = FEAEF12A20D7D8C8000EDD41 /* GoogleService-Info.plist */; };
		FEAEF12D20D945BF000EDD41 /* MainViewController.swift in Sources */ = {isa = PBXBuildFile; fileRef = FEAEF12C20D945BF000EDD41 /* MainViewController.swift */; };
		FEBFDD2A20DA95D8007F6F2F /* FireCodable.swift in Sources */ = {isa = PBXBuildFile; fileRef = FEBFDD2920DA95D8007F6F2F /* FireCodable.swift */; };
		FEBFDD2C20DA95F0007F6F2F /* FirestoreService.swift in Sources */ = {isa = PBXBuildFile; fileRef = FEBFDD2B20DA95F0007F6F2F /* FirestoreService.swift */; };
		FEBFDD2E20DA98BA007F6F2F /* Conversation.swift in Sources */ = {isa = PBXBuildFile; fileRef = FEBFDD2D20DA98BA007F6F2F /* Conversation.swift */; };
		FEC60FF620D2B7250093CF90 /* StringExtension.swift in Sources */ = {isa = PBXBuildFile; fileRef = FEC60FF520D2B7250093CF90 /* StringExtension.swift */; };
		FEF8FBD520D015910067E002 /* AppDelegate.swift in Sources */ = {isa = PBXBuildFile; fileRef = FEF8FBD420D015910067E002 /* AppDelegate.swift */; };
		FEF8FBDA20D015910067E002 /* Main.storyboard in Resources */ = {isa = PBXBuildFile; fileRef = FEF8FBD820D015910067E002 /* Main.storyboard */; };
		FEF8FBDC20D015910067E002 /* Assets.xcassets in Resources */ = {isa = PBXBuildFile; fileRef = FEF8FBDB20D015910067E002 /* Assets.xcassets */; };
		FEF8FBDF20D015910067E002 /* LaunchScreen.storyboard in Resources */ = {isa = PBXBuildFile; fileRef = FEF8FBDD20D015910067E002 /* LaunchScreen.storyboard */; };
		FEF8FBE820D0159F0067E002 /* User.swift in Sources */ = {isa = PBXBuildFile; fileRef = FEF8FBE720D0159F0067E002 /* User.swift */; };
		FEF8FBEB20D015CF0067E002 /* UserManager.swift in Sources */ = {isa = PBXBuildFile; fileRef = FEF8FBEA20D015CF0067E002 /* UserManager.swift */; };
		FEF8FBED20D0163D0067E002 /* InitialViewController.swift in Sources */ = {isa = PBXBuildFile; fileRef = FEF8FBEC20D0163D0067E002 /* InitialViewController.swift */; };
		FEF8FBF020D01E790067E002 /* LoginViewController.swift in Sources */ = {isa = PBXBuildFile; fileRef = FEF8FBEF20D01E790067E002 /* LoginViewController.swift */; };
		FEFD2EBB20FF3E5F00017980 /* ChatTableViewCell.swift in Sources */ = {isa = PBXBuildFile; fileRef = FEFD2EBA20FF3E5F00017980 /* ChatTableViewCell.swift */; };
/* End PBXBuildFile section */

/* Begin PBXFileReference section */
		47E0BF69CEF4133C8361E654 /* Pods-Chat App.debug.xcconfig */ = {isa = PBXFileReference; includeInIndex = 1; lastKnownFileType = text.xcconfig; name = "Pods-Chat App.debug.xcconfig"; path = "Pods/Target Support Files/Pods-Chat App/Pods-Chat App.debug.xcconfig"; sourceTree = "<group>"; };
		B0116D1B3A2E4493760BEAFB /* Pods-Chat App.release.xcconfig */ = {isa = PBXFileReference; includeInIndex = 1; lastKnownFileType = text.xcconfig; name = "Pods-Chat App.release.xcconfig"; path = "Pods/Target Support Files/Pods-Chat App/Pods-Chat App.release.xcconfig"; sourceTree = "<group>"; };
		B36B4825A1A039F545264266 /* Pods_Chat_App.framework */ = {isa = PBXFileReference; explicitFileType = wrapper.framework; includeInIndex = 0; path = Pods_Chat_App.framework; sourceTree = BUILT_PRODUCTS_DIR; };
		FE17653520EBC63200D7C7AC /* ThemeService.swift */ = {isa = PBXFileReference; lastKnownFileType = sourcecode.swift; path = ThemeService.swift; sourceTree = "<group>"; };
		FE17653820EBCCD000D7C7AC /* ContactsViewController.swift */ = {isa = PBXFileReference; lastKnownFileType = sourcecode.swift; path = ContactsViewController.swift; sourceTree = "<group>"; };
		FE17653B20EBD6FF00D7C7AC /* ContactCollectionViewCell.swift */ = {isa = PBXFileReference; lastKnownFileType = sourcecode.swift; path = ContactCollectionViewCell.swift; sourceTree = "<group>"; };
		FE1BB05F20ED69F000C12239 /* ImageDownloadService.swift */ = {isa = PBXFileReference; lastKnownFileType = sourcecode.swift; path = ImageDownloadService.swift; sourceTree = "<group>"; };
		FE1BB06120ED6A2C00C12239 /* ImagePickerService.swift */ = {isa = PBXFileReference; lastKnownFileType = sourcecode.swift; path = ImagePickerService.swift; sourceTree = "<group>"; };
		FE1BB06520ED6ADB00C12239 /* Networkable.swift */ = {isa = PBXFileReference; lastKnownFileType = sourcecode.swift; path = Networkable.swift; sourceTree = "<group>"; };
		FE1BB06720ED6B1C00C12239 /* NetworkableExtension.swift */ = {isa = PBXFileReference; lastKnownFileType = sourcecode.swift; path = NetworkableExtension.swift; sourceTree = "<group>"; };
		FE44303B20EE65B1008CCB83 /* ConversationManager.swift */ = {isa = PBXFileReference; lastKnownFileType = sourcecode.swift; path = ConversationManager.swift; sourceTree = "<group>"; };
		FE8A1D8E20F3E1D000BDD6D5 /* ChatViewController.swift */ = {isa = PBXFileReference; lastKnownFileType = sourcecode.swift; path = ChatViewController.swift; sourceTree = "<group>"; };
		FE9C2C2320D54BC100083D7E /* RegisterViewController.swift */ = {isa = PBXFileReference; lastKnownFileType = sourcecode.swift; path = RegisterViewController.swift; sourceTree = "<group>"; };
		FEAD274C20EF7C01004F65F7 /* CompletionTypeAlias.swift */ = {isa = PBXFileReference; lastKnownFileType = sourcecode.swift; path = CompletionTypeAlias.swift; sourceTree = "<group>"; };
		FEAEF12A20D7D8C8000EDD41 /* GoogleService-Info.plist */ = {isa = PBXFileReference; fileEncoding = 4; lastKnownFileType = text.plist.xml; path = "GoogleService-Info.plist"; sourceTree = "<group>"; };
		FEAEF12C20D945BF000EDD41 /* MainViewController.swift */ = {isa = PBXFileReference; lastKnownFileType = sourcecode.swift; path = MainViewController.swift; sourceTree = "<group>"; };
		FEBFDD2920DA95D8007F6F2F /* FireCodable.swift */ = {isa = PBXFileReference; lastKnownFileType = sourcecode.swift; path = FireCodable.swift; sourceTree = "<group>"; };
		FEBFDD2B20DA95F0007F6F2F /* FirestoreService.swift */ = {isa = PBXFileReference; lastKnownFileType = sourcecode.swift; path = FirestoreService.swift; sourceTree = "<group>"; };
		FEBFDD2D20DA98BA007F6F2F /* Conversation.swift */ = {isa = PBXFileReference; lastKnownFileType = sourcecode.swift; path = Conversation.swift; sourceTree = "<group>"; };
		FEC60FF520D2B7250093CF90 /* StringExtension.swift */ = {isa = PBXFileReference; lastKnownFileType = sourcecode.swift; path = StringExtension.swift; sourceTree = "<group>"; };
		FEF8FBD120D015910067E002 /* Chat App.app */ = {isa = PBXFileReference; explicitFileType = wrapper.application; includeInIndex = 0; path = "Chat App.app"; sourceTree = BUILT_PRODUCTS_DIR; };
		FEF8FBD420D015910067E002 /* AppDelegate.swift */ = {isa = PBXFileReference; lastKnownFileType = sourcecode.swift; path = AppDelegate.swift; sourceTree = "<group>"; };
		FEF8FBD920D015910067E002 /* Base */ = {isa = PBXFileReference; lastKnownFileType = file.storyboard; name = Base; path = Base.lproj/Main.storyboard; sourceTree = "<group>"; };
		FEF8FBDB20D015910067E002 /* Assets.xcassets */ = {isa = PBXFileReference; lastKnownFileType = folder.assetcatalog; path = Assets.xcassets; sourceTree = "<group>"; };
		FEF8FBDE20D015910067E002 /* Base */ = {isa = PBXFileReference; lastKnownFileType = file.storyboard; name = Base; path = Base.lproj/LaunchScreen.storyboard; sourceTree = "<group>"; };
		FEF8FBE020D015910067E002 /* Info.plist */ = {isa = PBXFileReference; lastKnownFileType = text.plist.xml; path = Info.plist; sourceTree = "<group>"; };
		FEF8FBE720D0159F0067E002 /* User.swift */ = {isa = PBXFileReference; lastKnownFileType = sourcecode.swift; path = User.swift; sourceTree = "<group>"; };
		FEF8FBEA20D015CF0067E002 /* UserManager.swift */ = {isa = PBXFileReference; lastKnownFileType = sourcecode.swift; path = UserManager.swift; sourceTree = "<group>"; };
		FEF8FBEC20D0163D0067E002 /* InitialViewController.swift */ = {isa = PBXFileReference; lastKnownFileType = sourcecode.swift; path = InitialViewController.swift; sourceTree = "<group>"; };
		FEF8FBEF20D01E790067E002 /* LoginViewController.swift */ = {isa = PBXFileReference; lastKnownFileType = sourcecode.swift; path = LoginViewController.swift; sourceTree = "<group>"; };
		FEFD2EBA20FF3E5F00017980 /* ChatTableViewCell.swift */ = {isa = PBXFileReference; lastKnownFileType = sourcecode.swift; path = ChatTableViewCell.swift; sourceTree = "<group>"; };
/* End PBXFileReference section */

/* Begin PBXFrameworksBuildPhase section */
		FEF8FBCE20D015910067E002 /* Frameworks */ = {
			isa = PBXFrameworksBuildPhase;
			buildActionMask = 2147483647;
			files = (
				09F7092D7ACA9C8BD733C63A /* Pods_Chat_App.framework in Frameworks */,
			);
			runOnlyForDeploymentPostprocessing = 0;
		};
/* End PBXFrameworksBuildPhase section */

/* Begin PBXGroup section */
		2B3A64A410C27EC776A94795 /* Frameworks */ = {
			isa = PBXGroup;
			children = (
				B36B4825A1A039F545264266 /* Pods_Chat_App.framework */,
			);
			name = Frameworks;
			sourceTree = "<group>";
		};
		718F76F1F6AEEE75BA5369D6 /* Pods */ = {
			isa = PBXGroup;
			children = (
				47E0BF69CEF4133C8361E654 /* Pods-Chat App.debug.xcconfig */,
				B0116D1B3A2E4493760BEAFB /* Pods-Chat App.release.xcconfig */,
			);
			name = Pods;
			sourceTree = "<group>";
		};
		FE17653720EBC82B00D7C7AC /* Services */ = {
			isa = PBXGroup;
			children = (
				FE17653520EBC63200D7C7AC /* ThemeService.swift */,
				FE1BB05F20ED69F000C12239 /* ImageDownloadService.swift */,
				FE1BB06120ED6A2C00C12239 /* ImagePickerService.swift */,
			);
			path = Services;
			sourceTree = "<group>";
		};
		FE17653A20EBD6E300D7C7AC /* UIViews */ = {
			isa = PBXGroup;
			children = (
				FE17653B20EBD6FF00D7C7AC /* ContactCollectionViewCell.swift */,
				FEFD2EBA20FF3E5F00017980 /* ChatTableViewCell.swift */,
			);
			path = UIViews;
			sourceTree = "<group>";
		};
		FE1BB06420ED6A8D00C12239 /* Extensions */ = {
			isa = PBXGroup;
			children = (
				FEC60FF520D2B7250093CF90 /* StringExtension.swift */,
				FE1BB06720ED6B1C00C12239 /* NetworkableExtension.swift */,
			);
			path = Extensions;
			sourceTree = "<group>";
		};
		FEAD274B20EF7BF1004F65F7 /* Type Alias */ = {
			isa = PBXGroup;
			children = (
				FEAD274C20EF7C01004F65F7 /* CompletionTypeAlias.swift */,
			);
			path = "Type Alias";
			sourceTree = "<group>";
		};
		FEBFDD2820DA95A8007F6F2F /* Protocols */ = {
			isa = PBXGroup;
			children = (
				FEBFDD2920DA95D8007F6F2F /* FireCodable.swift */,
				FE1BB06520ED6ADB00C12239 /* Networkable.swift */,
			);
			path = Protocols;
			sourceTree = "<group>";
		};
		FEF8FBC820D015910067E002 = {
			isa = PBXGroup;
			children = (
				FEAD274B20EF7BF1004F65F7 /* Type Alias */,
				FE1BB06420ED6A8D00C12239 /* Extensions */,
				FE17653A20EBD6E300D7C7AC /* UIViews */,
				FE17653720EBC82B00D7C7AC /* Services */,
				FEBFDD2820DA95A8007F6F2F /* Protocols */,
				FEF8FBEE20D0164B0067E002 /* View Controllers */,
				FEF8FBE920D015C30067E002 /* Managers */,
				FEF8FBE620D015960067E002 /* Model */,
				FEF8FBD320D015910067E002 /* Chat App */,
				FEF8FBD220D015910067E002 /* Products */,
				718F76F1F6AEEE75BA5369D6 /* Pods */,
				2B3A64A410C27EC776A94795 /* Frameworks */,
			);
			sourceTree = "<group>";
		};
		FEF8FBD220D015910067E002 /* Products */ = {
			isa = PBXGroup;
			children = (
				FEF8FBD120D015910067E002 /* Chat App.app */,
			);
			name = Products;
			sourceTree = "<group>";
		};
		FEF8FBD320D015910067E002 /* Chat App */ = {
			isa = PBXGroup;
			children = (
				FEF8FBD420D015910067E002 /* AppDelegate.swift */,
				FEF8FBD820D015910067E002 /* Main.storyboard */,
				FEF8FBDB20D015910067E002 /* Assets.xcassets */,
				FEF8FBDD20D015910067E002 /* LaunchScreen.storyboard */,
				FEF8FBE020D015910067E002 /* Info.plist */,
				FEAEF12A20D7D8C8000EDD41 /* GoogleService-Info.plist */,
			);
			path = "Chat App";
			sourceTree = "<group>";
		};
		FEF8FBE620D015960067E002 /* Model */ = {
			isa = PBXGroup;
			children = (
				FEF8FBE720D0159F0067E002 /* User.swift */,
				FEBFDD2D20DA98BA007F6F2F /* Conversation.swift */,
			);
			path = Model;
			sourceTree = "<group>";
		};
		FEF8FBE920D015C30067E002 /* Managers */ = {
			isa = PBXGroup;
			children = (
				FEF8FBEA20D015CF0067E002 /* UserManager.swift */,
				FEBFDD2B20DA95F0007F6F2F /* FirestoreService.swift */,
				FE44303B20EE65B1008CCB83 /* ConversationManager.swift */,
			);
			path = Managers;
			sourceTree = "<group>";
		};
		FEF8FBEE20D0164B0067E002 /* View Controllers */ = {
			isa = PBXGroup;
			children = (
				FEF8FBEC20D0163D0067E002 /* InitialViewController.swift */,
				FEF8FBEF20D01E790067E002 /* LoginViewController.swift */,
				FE9C2C2320D54BC100083D7E /* RegisterViewController.swift */,
				FEAEF12C20D945BF000EDD41 /* MainViewController.swift */,
				FE17653820EBCCD000D7C7AC /* ContactsViewController.swift */,
				FE8A1D8E20F3E1D000BDD6D5 /* ChatViewController.swift */,
			);
			path = "View Controllers";
			sourceTree = "<group>";
		};
/* End PBXGroup section */

/* Begin PBXNativeTarget section */
		FEF8FBD020D015910067E002 /* Chat App */ = {
			isa = PBXNativeTarget;
			buildConfigurationList = FEF8FBE320D015910067E002 /* Build configuration list for PBXNativeTarget "Chat App" */;
			buildPhases = (
				C57A7D19B112CEEB4700F3A2 /* [CP] Check Pods Manifest.lock */,
				FEF8FBCD20D015910067E002 /* Sources */,
				FEF8FBCE20D015910067E002 /* Frameworks */,
				FEF8FBCF20D015910067E002 /* Resources */,
				F910D77462A4CDC114B021E0 /* [CP] Embed Pods Frameworks */,
				C2E7935C6F72DCC920082A7C /* [CP] Copy Pods Resources */,
			);
			buildRules = (
			);
			dependencies = (
			);
			name = "Chat App";
			productName = "Chat App";
			productReference = FEF8FBD120D015910067E002 /* Chat App.app */;
			productType = "com.apple.product-type.application";
		};
/* End PBXNativeTarget section */

/* Begin PBXProject section */
		FEF8FBC920D015910067E002 /* Project object */ = {
			isa = PBXProject;
			attributes = {
				LastSwiftUpdateCheck = 0920;
				LastUpgradeCheck = 0940;
				ORGANIZATIONNAME = "Suren Gevorkyan";
				TargetAttributes = {
					FEF8FBD020D015910067E002 = {
						CreatedOnToolsVersion = 9.2;
						ProvisioningStyle = Automatic;
					};
				};
			};
			buildConfigurationList = FEF8FBCC20D015910067E002 /* Build configuration list for PBXProject "Chat App" */;
			compatibilityVersion = "Xcode 8.0";
			developmentRegion = en;
			hasScannedForEncodings = 0;
			knownRegions = (
				en,
				Base,
			);
			mainGroup = FEF8FBC820D015910067E002;
			productRefGroup = FEF8FBD220D015910067E002 /* Products */;
			projectDirPath = "";
			projectRoot = "";
			targets = (
				FEF8FBD020D015910067E002 /* Chat App */,
			);
		};
/* End PBXProject section */

/* Begin PBXResourcesBuildPhase section */
		FEF8FBCF20D015910067E002 /* Resources */ = {
			isa = PBXResourcesBuildPhase;
			buildActionMask = 2147483647;
			files = (
				FEF8FBDF20D015910067E002 /* LaunchScreen.storyboard in Resources */,
				FEAEF12B20D7D8C8000EDD41 /* GoogleService-Info.plist in Resources */,
				FEF8FBDC20D015910067E002 /* Assets.xcassets in Resources */,
				FEF8FBDA20D015910067E002 /* Main.storyboard in Resources */,
			);
			runOnlyForDeploymentPostprocessing = 0;
		};
/* End PBXResourcesBuildPhase section */

/* Begin PBXShellScriptBuildPhase section */
		C2E7935C6F72DCC920082A7C /* [CP] Copy Pods Resources */ = {
			isa = PBXShellScriptBuildPhase;
			buildActionMask = 2147483647;
			files = (
			);
			inputPaths = (
			);
			name = "[CP] Copy Pods Resources";
			outputPaths = (
			);
			runOnlyForDeploymentPostprocessing = 0;
			shellPath = /bin/sh;
			shellScript = "\"${SRCROOT}/Pods/Target Support Files/Pods-Chat App/Pods-Chat App-resources.sh\"\n";
			showEnvVarsInLog = 0;
		};
		C57A7D19B112CEEB4700F3A2 /* [CP] Check Pods Manifest.lock */ = {
			isa = PBXShellScriptBuildPhase;
			buildActionMask = 2147483647;
			files = (
			);
			inputPaths = (
				"${PODS_PODFILE_DIR_PATH}/Podfile.lock",
				"${PODS_ROOT}/Manifest.lock",
			);
			name = "[CP] Check Pods Manifest.lock";
			outputPaths = (
				"$(DERIVED_FILE_DIR)/Pods-Chat App-checkManifestLockResult.txt",
			);
			runOnlyForDeploymentPostprocessing = 0;
			shellPath = /bin/sh;
			shellScript = "diff \"${PODS_PODFILE_DIR_PATH}/Podfile.lock\" \"${PODS_ROOT}/Manifest.lock\" > /dev/null\nif [ $? != 0 ] ; then\n    # print error to STDERR\n    echo \"error: The sandbox is not in sync with the Podfile.lock. Run 'pod install' or update your CocoaPods installation.\" >&2\n    exit 1\nfi\n# This output is used by Xcode 'outputs' to avoid re-running this script phase.\necho \"SUCCESS\" > \"${SCRIPT_OUTPUT_FILE_0}\"\n";
			showEnvVarsInLog = 0;
		};
		F910D77462A4CDC114B021E0 /* [CP] Embed Pods Frameworks */ = {
			isa = PBXShellScriptBuildPhase;
			buildActionMask = 2147483647;
			files = (
			);
			inputPaths = (
				"${SRCROOT}/Pods/Target Support Files/Pods-Chat App/Pods-Chat App-frameworks.sh",
				"${BUILT_PRODUCTS_DIR}/ALLoadingView/ALLoadingView.framework",
				"${BUILT_PRODUCTS_DIR}/BoringSSL/openssl.framework",
				"${BUILT_PRODUCTS_DIR}/GTMSessionFetcher/GTMSessionFetcher.framework",
				"${BUILT_PRODUCTS_DIR}/GoogleToolboxForMac/GoogleToolboxForMac.framework",
				"${BUILT_PRODUCTS_DIR}/Protobuf/Protobuf.framework",
				"${BUILT_PRODUCTS_DIR}/gRPC/GRPCClient.framework",
				"${BUILT_PRODUCTS_DIR}/gRPC-Core/grpc.framework",
				"${BUILT_PRODUCTS_DIR}/gRPC-ProtoRPC/ProtoRPC.framework",
				"${BUILT_PRODUCTS_DIR}/gRPC-RxLibrary/RxLibrary.framework",
				"${BUILT_PRODUCTS_DIR}/leveldb-library/leveldb.framework",
				"${BUILT_PRODUCTS_DIR}/nanopb/nanopb.framework",
			);
			name = "[CP] Embed Pods Frameworks";
			outputPaths = (
				"${TARGET_BUILD_DIR}/${FRAMEWORKS_FOLDER_PATH}/ALLoadingView.framework",
				"${TARGET_BUILD_DIR}/${FRAMEWORKS_FOLDER_PATH}/openssl.framework",
				"${TARGET_BUILD_DIR}/${FRAMEWORKS_FOLDER_PATH}/GTMSessionFetcher.framework",
				"${TARGET_BUILD_DIR}/${FRAMEWORKS_FOLDER_PATH}/GoogleToolboxForMac.framework",
				"${TARGET_BUILD_DIR}/${FRAMEWORKS_FOLDER_PATH}/Protobuf.framework",
				"${TARGET_BUILD_DIR}/${FRAMEWORKS_FOLDER_PATH}/GRPCClient.framework",
				"${TARGET_BUILD_DIR}/${FRAMEWORKS_FOLDER_PATH}/grpc.framework",
				"${TARGET_BUILD_DIR}/${FRAMEWORKS_FOLDER_PATH}/ProtoRPC.framework",
				"${TARGET_BUILD_DIR}/${FRAMEWORKS_FOLDER_PATH}/RxLibrary.framework",
				"${TARGET_BUILD_DIR}/${FRAMEWORKS_FOLDER_PATH}/leveldb.framework",
				"${TARGET_BUILD_DIR}/${FRAMEWORKS_FOLDER_PATH}/nanopb.framework",
			);
			runOnlyForDeploymentPostprocessing = 0;
			shellPath = /bin/sh;
			shellScript = "\"${SRCROOT}/Pods/Target Support Files/Pods-Chat App/Pods-Chat App-frameworks.sh\"\n";
			showEnvVarsInLog = 0;
		};
/* End PBXShellScriptBuildPhase section */

/* Begin PBXSourcesBuildPhase section */
		FEF8FBCD20D015910067E002 /* Sources */ = {
			isa = PBXSourcesBuildPhase;
			buildActionMask = 2147483647;
			files = (
				FEF8FBD520D015910067E002 /* AppDelegate.swift in Sources */,
				FE17653920EBCCD000D7C7AC /* ContactsViewController.swift in Sources */,
				FE1BB06620ED6ADB00C12239 /* Networkable.swift in Sources */,
				FEBFDD2C20DA95F0007F6F2F /* FirestoreService.swift in Sources */,
				FEF8FBEB20D015CF0067E002 /* UserManager.swift in Sources */,
				FEFD2EBB20FF3E5F00017980 /* ChatTableViewCell.swift in Sources */,
				FEAD274D20EF7C01004F65F7 /* CompletionTypeAlias.swift in Sources */,
				FE9C2C2420D54BC100083D7E /* RegisterViewController.swift in Sources */,
				FE1BB06220ED6A2C00C12239 /* ImagePickerService.swift in Sources */,
				FE17653C20EBD6FF00D7C7AC /* ContactCollectionViewCell.swift in Sources */,
				FEC60FF620D2B7250093CF90 /* StringExtension.swift in Sources */,
				FE8A1D8F20F3E1D000BDD6D5 /* ChatViewController.swift in Sources */,
				FE1BB06020ED69F000C12239 /* ImageDownloadService.swift in Sources */,
				FE1BB06820ED6B1C00C12239 /* NetworkableExtension.swift in Sources */,
				FE17653620EBC63200D7C7AC /* ThemeService.swift in Sources */,
				FE44303C20EE65B1008CCB83 /* ConversationManager.swift in Sources */,
				FEBFDD2E20DA98BA007F6F2F /* Conversation.swift in Sources */,
				FEBFDD2A20DA95D8007F6F2F /* FireCodable.swift in Sources */,
				FEF8FBE820D0159F0067E002 /* User.swift in Sources */,
				FEF8FBF020D01E790067E002 /* LoginViewController.swift in Sources */,
				FEF8FBED20D0163D0067E002 /* InitialViewController.swift in Sources */,
				FEAEF12D20D945BF000EDD41 /* MainViewController.swift in Sources */,
			);
			runOnlyForDeploymentPostprocessing = 0;
		};
/* End PBXSourcesBuildPhase section */

/* Begin PBXVariantGroup section */
		FEF8FBD820D015910067E002 /* Main.storyboard */ = {
			isa = PBXVariantGroup;
			children = (
				FEF8FBD920D015910067E002 /* Base */,
			);
			name = Main.storyboard;
			sourceTree = "<group>";
		};
		FEF8FBDD20D015910067E002 /* LaunchScreen.storyboard */ = {
			isa = PBXVariantGroup;
			children = (
				FEF8FBDE20D015910067E002 /* Base */,
			);
			name = LaunchScreen.storyboard;
			sourceTree = "<group>";
		};
/* End PBXVariantGroup section */

/* Begin XCBuildConfiguration section */
		FEF8FBE120D015910067E002 /* Debug */ = {
			isa = XCBuildConfiguration;
			buildSettings = {
				ALWAYS_SEARCH_USER_PATHS = NO;
				CLANG_ANALYZER_NONNULL = YES;
				CLANG_ANALYZER_NUMBER_OBJECT_CONVERSION = YES_AGGRESSIVE;
				CLANG_CXX_LANGUAGE_STANDARD = "gnu++14";
				CLANG_CXX_LIBRARY = "libc++";
				CLANG_ENABLE_MODULES = YES;
				CLANG_ENABLE_OBJC_ARC = YES;
				CLANG_WARN_BLOCK_CAPTURE_AUTORELEASING = YES;
				CLANG_WARN_BOOL_CONVERSION = YES;
				CLANG_WARN_COMMA = YES;
				CLANG_WARN_CONSTANT_CONVERSION = YES;
				CLANG_WARN_DEPRECATED_OBJC_IMPLEMENTATIONS = YES;
				CLANG_WARN_DIRECT_OBJC_ISA_USAGE = YES_ERROR;
				CLANG_WARN_DOCUMENTATION_COMMENTS = YES;
				CLANG_WARN_EMPTY_BODY = YES;
				CLANG_WARN_ENUM_CONVERSION = YES;
				CLANG_WARN_INFINITE_RECURSION = YES;
				CLANG_WARN_INT_CONVERSION = YES;
				CLANG_WARN_NON_LITERAL_NULL_CONVERSION = YES;
				CLANG_WARN_OBJC_IMPLICIT_RETAIN_SELF = YES;
				CLANG_WARN_OBJC_LITERAL_CONVERSION = YES;
				CLANG_WARN_OBJC_ROOT_CLASS = YES_ERROR;
				CLANG_WARN_RANGE_LOOP_ANALYSIS = YES;
				CLANG_WARN_STRICT_PROTOTYPES = YES;
				CLANG_WARN_SUSPICIOUS_MOVE = YES;
				CLANG_WARN_UNGUARDED_AVAILABILITY = YES_AGGRESSIVE;
				CLANG_WARN_UNREACHABLE_CODE = YES;
				CLANG_WARN__DUPLICATE_METHOD_MATCH = YES;
				CODE_SIGN_IDENTITY = "iPhone Developer";
				COPY_PHASE_STRIP = NO;
				DEBUG_INFORMATION_FORMAT = dwarf;
				ENABLE_STRICT_OBJC_MSGSEND = YES;
				ENABLE_TESTABILITY = YES;
				GCC_C_LANGUAGE_STANDARD = gnu11;
				GCC_DYNAMIC_NO_PIC = NO;
				GCC_NO_COMMON_BLOCKS = YES;
				GCC_OPTIMIZATION_LEVEL = 0;
				GCC_PREPROCESSOR_DEFINITIONS = (
					"DEBUG=1",
					"$(inherited)",
				);
				GCC_WARN_64_TO_32_BIT_CONVERSION = YES;
				GCC_WARN_ABOUT_RETURN_TYPE = YES_ERROR;
				GCC_WARN_UNDECLARED_SELECTOR = YES;
				GCC_WARN_UNINITIALIZED_AUTOS = YES_AGGRESSIVE;
				GCC_WARN_UNUSED_FUNCTION = YES;
				GCC_WARN_UNUSED_VARIABLE = YES;
				IPHONEOS_DEPLOYMENT_TARGET = 11.2;
				MTL_ENABLE_DEBUG_INFO = YES;
				ONLY_ACTIVE_ARCH = YES;
				SDKROOT = iphoneos;
				SWIFT_ACTIVE_COMPILATION_CONDITIONS = DEBUG;
				SWIFT_OPTIMIZATION_LEVEL = "-Onone";
			};
			name = Debug;
		};
		FEF8FBE220D015910067E002 /* Release */ = {
			isa = XCBuildConfiguration;
			buildSettings = {
				ALWAYS_SEARCH_USER_PATHS = NO;
				CLANG_ANALYZER_NONNULL = YES;
				CLANG_ANALYZER_NUMBER_OBJECT_CONVERSION = YES_AGGRESSIVE;
				CLANG_CXX_LANGUAGE_STANDARD = "gnu++14";
				CLANG_CXX_LIBRARY = "libc++";
				CLANG_ENABLE_MODULES = YES;
				CLANG_ENABLE_OBJC_ARC = YES;
				CLANG_WARN_BLOCK_CAPTURE_AUTORELEASING = YES;
				CLANG_WARN_BOOL_CONVERSION = YES;
				CLANG_WARN_COMMA = YES;
				CLANG_WARN_CONSTANT_CONVERSION = YES;
				CLANG_WARN_DEPRECATED_OBJC_IMPLEMENTATIONS = YES;
				CLANG_WARN_DIRECT_OBJC_ISA_USAGE = YES_ERROR;
				CLANG_WARN_DOCUMENTATION_COMMENTS = YES;
				CLANG_WARN_EMPTY_BODY = YES;
				CLANG_WARN_ENUM_CONVERSION = YES;
				CLANG_WARN_INFINITE_RECURSION = YES;
				CLANG_WARN_INT_CONVERSION = YES;
				CLANG_WARN_NON_LITERAL_NULL_CONVERSION = YES;
				CLANG_WARN_OBJC_IMPLICIT_RETAIN_SELF = YES;
				CLANG_WARN_OBJC_LITERAL_CONVERSION = YES;
				CLANG_WARN_OBJC_ROOT_CLASS = YES_ERROR;
				CLANG_WARN_RANGE_LOOP_ANALYSIS = YES;
				CLANG_WARN_STRICT_PROTOTYPES = YES;
				CLANG_WARN_SUSPICIOUS_MOVE = YES;
				CLANG_WARN_UNGUARDED_AVAILABILITY = YES_AGGRESSIVE;
				CLANG_WARN_UNREACHABLE_CODE = YES;
				CLANG_WARN__DUPLICATE_METHOD_MATCH = YES;
				CODE_SIGN_IDENTITY = "iPhone Developer";
				COPY_PHASE_STRIP = NO;
				DEBUG_INFORMATION_FORMAT = "dwarf-with-dsym";
				ENABLE_NS_ASSERTIONS = NO;
				ENABLE_STRICT_OBJC_MSGSEND = YES;
				GCC_C_LANGUAGE_STANDARD = gnu11;
				GCC_NO_COMMON_BLOCKS = YES;
				GCC_WARN_64_TO_32_BIT_CONVERSION = YES;
				GCC_WARN_ABOUT_RETURN_TYPE = YES_ERROR;
				GCC_WARN_UNDECLARED_SELECTOR = YES;
				GCC_WARN_UNINITIALIZED_AUTOS = YES_AGGRESSIVE;
				GCC_WARN_UNUSED_FUNCTION = YES;
				GCC_WARN_UNUSED_VARIABLE = YES;
				IPHONEOS_DEPLOYMENT_TARGET = 11.2;
				MTL_ENABLE_DEBUG_INFO = NO;
				SDKROOT = iphoneos;
				SWIFT_OPTIMIZATION_LEVEL = "-Owholemodule";
				VALIDATE_PRODUCT = YES;
			};
			name = Release;
		};
		FEF8FBE420D015910067E002 /* Debug */ = {
			isa = XCBuildConfiguration;
			baseConfigurationReference = 47E0BF69CEF4133C8361E654 /* Pods-Chat App.debug.xcconfig */;
			buildSettings = {
				ASSETCATALOG_COMPILER_APPICON_NAME = AppIcon;
				CODE_SIGN_STYLE = Automatic;
				DEVELOPMENT_TEAM = Q6T7DES4B5;
				INFOPLIST_FILE = "Chat App/Info.plist";
				LD_RUNPATH_SEARCH_PATHS = "$(inherited) @executable_path/Frameworks";
				PRODUCT_BUNDLE_IDENTIFIER = suro.gev.ChatApp;
				PRODUCT_NAME = "$(TARGET_NAME)";
				SWIFT_VERSION = 4.0;
				TARGETED_DEVICE_FAMILY = "1,2";
			};
			name = Debug;
		};
		FEF8FBE520D015910067E002 /* Release */ = {
			isa = XCBuildConfiguration;
			baseConfigurationReference = B0116D1B3A2E4493760BEAFB /* Pods-Chat App.release.xcconfig */;
			buildSettings = {
				ASSETCATALOG_COMPILER_APPICON_NAME = AppIcon;
				CODE_SIGN_STYLE = Automatic;
				DEVELOPMENT_TEAM = Q6T7DES4B5;
				INFOPLIST_FILE = "Chat App/Info.plist";
				LD_RUNPATH_SEARCH_PATHS = "$(inherited) @executable_path/Frameworks";
				PRODUCT_BUNDLE_IDENTIFIER = suro.gev.ChatApp;
				PRODUCT_NAME = "$(TARGET_NAME)";
				SWIFT_VERSION = 4.0;
				TARGETED_DEVICE_FAMILY = "1,2";
			};
			name = Release;
		};
/* End XCBuildConfiguration section */

/* Begin XCConfigurationList section */
		FEF8FBCC20D015910067E002 /* Build configuration list for PBXProject "Chat App" */ = {
			isa = XCConfigurationList;
			buildConfigurations = (
				FEF8FBE120D015910067E002 /* Debug */,
				FEF8FBE220D015910067E002 /* Release */,
			);
			defaultConfigurationIsVisible = 0;
			defaultConfigurationName = Release;
		};
		FEF8FBE320D015910067E002 /* Build configuration list for PBXNativeTarget "Chat App" */ = {
			isa = XCConfigurationList;
			buildConfigurations = (
				FEF8FBE420D015910067E002 /* Debug */,
				FEF8FBE520D015910067E002 /* Release */,
			);
			defaultConfigurationIsVisible = 0;
			defaultConfigurationName = Release;
		};
/* End XCConfigurationList section */
	};
	rootObject = FEF8FBC920D015910067E002 /* Project object */;
}
